
Microsoft Visual Studio Solution File, Format Version 12.00
# Visual Studio Version 16
VisualStudioVersion = 16.0.33801.447
MinimumVisualStudioVersion = 10.0.40219.1
Project("{FAE04EC0-301F-11D3-BF4B-00C04F79EFBC}") = "DMNA24Beadando", "DMNA24Beadando\DMNA24Beadando.csproj", "{7CFBF92D-182F-4A4A-A869-63FD42DA10BB}"
EndProject
Global
	GlobalSection(SolutionConfigurationPlatforms) = preSolution
		Debug|Any CPU = Debug|Any CPU
		Release|Any CPU = Release|Any CPU
	EndGlobalSection
	GlobalSection(ProjectConfigurationPlatforms) = postSolution
		{7CFBF92D-182F-4A4A-A869-63FD42DA10BB}.Debug|Any CPU.ActiveCfg = Debug|Any CPU
		{7CFBF92D-182F-4A4A-A869-63FD42DA10BB}.Debug|Any CPU.Build.0 = Debug|Any CPU
		{7CFBF92D-182F-4A4A-A869-63FD42DA10BB}.Release|Any CPU.ActiveCfg = Release|Any CPU
		{7CFBF92D-182F-4A4A-A869-63FD42DA10BB}.Release|Any CPU.Build.0 = Release|Any CPU
	EndGlobalSection
	GlobalSection(SolutionProperties) = preSolution
		HideSolutionNode = FALSE
	EndGlobalSection
	GlobalSection(ExtensibilityGlobals) = postSolution
		SolutionGuid = {D95B74A4-77BF-412F-A2A4-B242052A21D5}
	EndGlobalSection
EndGlobal
